
Microsoft Visual Studio Solution File, Format Version 12.00
# Visual Studio Version 17
VisualStudioVersion = 17.0.31919.166
MinimumVisualStudioVersion = 10.0.40219.1
Project("{FAE04EC0-301F-11D3-BF4B-00C04F79EFBC}") = "FormulárioAula1", "FormulárioAula1\FormulárioAula1.csproj", "{C7A43158-8DC4-44D4-A289-A76B10AD2980}"
EndProject
Global
	GlobalSection(SolutionConfigurationPlatforms) = preSolution
		Debug|Any CPU = Debug|Any CPU
		Release|Any CPU = Release|Any CPU
	EndGlobalSection
	GlobalSection(ProjectConfigurationPlatforms) = postSolution
		{C7A43158-8DC4-44D4-A289-A76B10AD2980}.Debug|Any CPU.ActiveCfg = Debug|Any CPU
		{C7A43158-8DC4-44D4-A289-A76B10AD2980}.Debug|Any CPU.Build.0 = Debug|Any CPU
		{C7A43158-8DC4-44D4-A289-A76B10AD2980}.Release|Any CPU.ActiveCfg = Release|Any CPU
		{C7A43158-8DC4-44D4-A289-A76B10AD2980}.Release|Any CPU.Build.0 = Release|Any CPU
	EndGlobalSection
	GlobalSection(SolutionProperties) = preSolution
		HideSolutionNode = FALSE
	EndGlobalSection
	GlobalSection(ExtensibilityGlobals) = postSolution
		SolutionGuid = {14D4FA03-BFC3-4429-A3E5-75FBCC3557BD}
	EndGlobalSection
EndGlobal
